
Microsoft Visual Studio Solution File, Format Version 12.00
# Visual Studio Version 17
VisualStudioVersion = 17.5.002.0
MinimumVisualStudioVersion = 10.0.40219.1
Project("{9A19103F-16F7-4668-BE54-9A1E7A4F7556}") = "Notas", "Notas.csproj", "{34FBF694-C938-43C3-84DE-1F910E8B8A2B}"
EndProject
Global
	GlobalSection(SolutionConfigurationPlatforms) = preSolution
		Debug|Any CPU = Debug|Any CPU
		Release|Any CPU = Release|Any CPU
	EndGlobalSection
	GlobalSection(ProjectConfigurationPlatforms) = postSolution
		{34FBF694-C938-43C3-84DE-1F910E8B8A2B}.Debug|Any CPU.ActiveCfg = Debug|Any CPU
		{34FBF694-C938-43C3-84DE-1F910E8B8A2B}.Debug|Any CPU.Build.0 = Debug|Any CPU
		{34FBF694-C938-43C3-84DE-1F910E8B8A2B}.Release|Any CPU.ActiveCfg = Release|Any CPU
		{34FBF694-C938-43C3-84DE-1F910E8B8A2B}.Release|Any CPU.Build.0 = Release|Any CPU
	EndGlobalSection
	GlobalSection(SolutionProperties) = preSolution
		HideSolutionNode = FALSE
	EndGlobalSection
	GlobalSection(ExtensibilityGlobals) = postSolution
		SolutionGuid = {9C000BCC-A348-40AF-9B60-C138997A0156}
	EndGlobalSection
EndGlobal
